// !$*UTF8*$!
{
	archiveVersion = 1;
	classes = {
	};
	objectVersion = 50;
	objects = {

/* Begin PBXBuildFile section */
		1A2B809D25AE2890000073E4 /* SaveData.swift in Sources */ = {isa = PBXBuildFile; fileRef = 1A2B809C25AE2890000073E4 /* SaveData.swift */; };
		1A31FC5225AF5EFE0003D5AD /* JSONBrowserFileHandler.swift in Sources */ = {isa = PBXBuildFile; fileRef = 1A31FC5125AF5EFE0003D5AD /* JSONBrowserFileHandler.swift */; };
		1A3A001025B0B5530069225E /* GroupBrowserContainerView.swift in Sources */ = {isa = PBXBuildFile; fileRef = 1A3A000F25B0B5530069225E /* GroupBrowserContainerView.swift */; };
		1A3A001625B0D1CF0069225E /* QueryBarView.swift in Sources */ = {isa = PBXBuildFile; fileRef = 1A3A001525B0D1CF0069225E /* QueryBarView.swift */; };
		1A67F61C25AB3CDA00706E98 /* BrowserFile.swift in Sources */ = {isa = PBXBuildFile; fileRef = 1A67F61B25AB3CDA00706E98 /* BrowserFile.swift */; };
		1A67F62125AB400E00706E98 /* SystemBrowserFileService.swift in Sources */ = {isa = PBXBuildFile; fileRef = 1A67F62025AB400E00706E98 /* SystemBrowserFileService.swift */; };
		1A8B02CB25AF4AA4005E5D6A /* MainView.swift in Sources */ = {isa = PBXBuildFile; fileRef = 1A8B02CA25AF4AA4005E5D6A /* MainView.swift */; };
		1A8B02D025AF4B6B005E5D6A /* SystemBrowserContainerView.swift in Sources */ = {isa = PBXBuildFile; fileRef = 1A8B02CF25AF4B6B005E5D6A /* SystemBrowserContainerView.swift */; };
		1AA9D39A25AA132D00F86F2C /* MediaOrganiserApp.swift in Sources */ = {isa = PBXBuildFile; fileRef = 1AA9D39925AA132D00F86F2C /* MediaOrganiserApp.swift */; };
		1AA9D39E25AA132E00F86F2C /* Assets.xcassets in Resources */ = {isa = PBXBuildFile; fileRef = 1AA9D39D25AA132E00F86F2C /* Assets.xcassets */; };
		1AA9D3A125AA132E00F86F2C /* Preview Assets.xcassets in Resources */ = {isa = PBXBuildFile; fileRef = 1AA9D3A025AA132E00F86F2C /* Preview Assets.xcassets */; };
		1AA9D3AD25AA132E00F86F2C /* MediaOrganiserTests.swift in Sources */ = {isa = PBXBuildFile; fileRef = 1AA9D3AC25AA132E00F86F2C /* MediaOrganiserTests.swift */; };
		1AA9D3B825AA132E00F86F2C /* MediaOrganiserUITests.swift in Sources */ = {isa = PBXBuildFile; fileRef = 1AA9D3B725AA132E00F86F2C /* MediaOrganiserUITests.swift */; };
		1AA9D3CE25AA8B8600F86F2C /* BrowserView.swift in Sources */ = {isa = PBXBuildFile; fileRef = 1AA9D3CD25AA8B8600F86F2C /* BrowserView.swift */; };
		1AA9D3D325AB284E00F86F2C /* BrowserItemView.swift in Sources */ = {isa = PBXBuildFile; fileRef = 1AA9D3D225AB284E00F86F2C /* BrowserItemView.swift */; };
		1AA9D3D825AB2D8300F86F2C /* FileCategoryCircleView.swift in Sources */ = {isa = PBXBuildFile; fileRef = 1AA9D3D725AB2D8300F86F2C /* FileCategoryCircleView.swift */; };
		1AA9D3DD25AB2DBE00F86F2C /* EFileType.swift in Sources */ = {isa = PBXBuildFile; fileRef = 1AA9D3DC25AB2DBE00F86F2C /* EFileType.swift */; };
		1AA9D3E225AB2E1A00F86F2C /* EFileCategory.swift in Sources */ = {isa = PBXBuildFile; fileRef = 1AA9D3E125AB2E1A00F86F2C /* EFileCategory.swift */; };
/* End PBXBuildFile section */

/* Begin PBXContainerItemProxy section */
		1AA9D3A925AA132E00F86F2C /* PBXContainerItemProxy */ = {
			isa = PBXContainerItemProxy;
			containerPortal = 1AA9D38E25AA132D00F86F2C /* Project object */;
			proxyType = 1;
			remoteGlobalIDString = 1AA9D39525AA132D00F86F2C;
			remoteInfo = MediaOrganiser;
		};
		1AA9D3B425AA132E00F86F2C /* PBXContainerItemProxy */ = {
			isa = PBXContainerItemProxy;
			containerPortal = 1AA9D38E25AA132D00F86F2C /* Project object */;
			proxyType = 1;
			remoteGlobalIDString = 1AA9D39525AA132D00F86F2C;
			remoteInfo = MediaOrganiser;
		};
/* End PBXContainerItemProxy section */

/* Begin PBXFileReference section */
		1A2B809C25AE2890000073E4 /* SaveData.swift */ = {isa = PBXFileReference; lastKnownFileType = sourcecode.swift; path = SaveData.swift; sourceTree = "<group>"; };
		1A31FC5125AF5EFE0003D5AD /* JSONBrowserFileHandler.swift */ = {isa = PBXFileReference; lastKnownFileType = sourcecode.swift; path = JSONBrowserFileHandler.swift; sourceTree = "<group>"; };
		1A3A000F25B0B5530069225E /* GroupBrowserContainerView.swift */ = {isa = PBXFileReference; lastKnownFileType = sourcecode.swift; path = GroupBrowserContainerView.swift; sourceTree = "<group>"; };
		1A3A001525B0D1CF0069225E /* QueryBarView.swift */ = {isa = PBXFileReference; lastKnownFileType = sourcecode.swift; path = QueryBarView.swift; sourceTree = "<group>"; };
		1A67F61B25AB3CDA00706E98 /* BrowserFile.swift */ = {isa = PBXFileReference; lastKnownFileType = sourcecode.swift; path = BrowserFile.swift; sourceTree = "<group>"; };
		1A67F62025AB400E00706E98 /* SystemBrowserFileService.swift */ = {isa = PBXFileReference; lastKnownFileType = sourcecode.swift; path = SystemBrowserFileService.swift; sourceTree = "<group>"; };
		1A8B02CA25AF4AA4005E5D6A /* MainView.swift */ = {isa = PBXFileReference; lastKnownFileType = sourcecode.swift; path = MainView.swift; sourceTree = "<group>"; };
		1A8B02CF25AF4B6B005E5D6A /* SystemBrowserContainerView.swift */ = {isa = PBXFileReference; lastKnownFileType = sourcecode.swift; path = SystemBrowserContainerView.swift; sourceTree = "<group>"; };
		1AA9D39625AA132D00F86F2C /* MediaOrganiser.app */ = {isa = PBXFileReference; explicitFileType = wrapper.application; includeInIndex = 0; path = MediaOrganiser.app; sourceTree = BUILT_PRODUCTS_DIR; };
		1AA9D39925AA132D00F86F2C /* MediaOrganiserApp.swift */ = {isa = PBXFileReference; lastKnownFileType = sourcecode.swift; path = MediaOrganiserApp.swift; sourceTree = "<group>"; };
		1AA9D39D25AA132E00F86F2C /* Assets.xcassets */ = {isa = PBXFileReference; lastKnownFileType = folder.assetcatalog; path = Assets.xcassets; sourceTree = "<group>"; };
		1AA9D3A025AA132E00F86F2C /* Preview Assets.xcassets */ = {isa = PBXFileReference; lastKnownFileType = folder.assetcatalog; path = "Preview Assets.xcassets"; sourceTree = "<group>"; };
		1AA9D3A225AA132E00F86F2C /* Info.plist */ = {isa = PBXFileReference; lastKnownFileType = text.plist.xml; path = Info.plist; sourceTree = "<group>"; };
		1AA9D3A325AA132E00F86F2C /* MediaOrganiser.entitlements */ = {isa = PBXFileReference; lastKnownFileType = text.plist.entitlements; path = MediaOrganiser.entitlements; sourceTree = "<group>"; };
		1AA9D3A825AA132E00F86F2C /* MediaOrganiserTests.xctest */ = {isa = PBXFileReference; explicitFileType = wrapper.cfbundle; includeInIndex = 0; path = MediaOrganiserTests.xctest; sourceTree = BUILT_PRODUCTS_DIR; };
		1AA9D3AC25AA132E00F86F2C /* MediaOrganiserTests.swift */ = {isa = PBXFileReference; lastKnownFileType = sourcecode.swift; path = MediaOrganiserTests.swift; sourceTree = "<group>"; };
		1AA9D3AE25AA132E00F86F2C /* Info.plist */ = {isa = PBXFileReference; lastKnownFileType = text.plist.xml; path = Info.plist; sourceTree = "<group>"; };
		1AA9D3B325AA132E00F86F2C /* MediaOrganiserUITests.xctest */ = {isa = PBXFileReference; explicitFileType = wrapper.cfbundle; includeInIndex = 0; path = MediaOrganiserUITests.xctest; sourceTree = BUILT_PRODUCTS_DIR; };
		1AA9D3B725AA132E00F86F2C /* MediaOrganiserUITests.swift */ = {isa = PBXFileReference; lastKnownFileType = sourcecode.swift; path = MediaOrganiserUITests.swift; sourceTree = "<group>"; };
		1AA9D3B925AA132E00F86F2C /* Info.plist */ = {isa = PBXFileReference; lastKnownFileType = text.plist.xml; path = Info.plist; sourceTree = "<group>"; };
		1AA9D3CD25AA8B8600F86F2C /* BrowserView.swift */ = {isa = PBXFileReference; lastKnownFileType = sourcecode.swift; path = BrowserView.swift; sourceTree = "<group>"; };
		1AA9D3D225AB284E00F86F2C /* BrowserItemView.swift */ = {isa = PBXFileReference; lastKnownFileType = sourcecode.swift; path = BrowserItemView.swift; sourceTree = "<group>"; };
		1AA9D3D725AB2D8300F86F2C /* FileCategoryCircleView.swift */ = {isa = PBXFileReference; lastKnownFileType = sourcecode.swift; path = FileCategoryCircleView.swift; sourceTree = "<group>"; };
		1AA9D3DC25AB2DBE00F86F2C /* EFileType.swift */ = {isa = PBXFileReference; lastKnownFileType = sourcecode.swift; path = EFileType.swift; sourceTree = "<group>"; };
		1AA9D3E125AB2E1A00F86F2C /* EFileCategory.swift */ = {isa = PBXFileReference; lastKnownFileType = sourcecode.swift; path = EFileCategory.swift; sourceTree = "<group>"; };
/* End PBXFileReference section */

/* Begin PBXFrameworksBuildPhase section */
		1AA9D39325AA132D00F86F2C /* Frameworks */ = {
			isa = PBXFrameworksBuildPhase;
			buildActionMask = 2147483647;
			files = (
			);
			runOnlyForDeploymentPostprocessing = 0;
		};
		1AA9D3A525AA132E00F86F2C /* Frameworks */ = {
			isa = PBXFrameworksBuildPhase;
			buildActionMask = 2147483647;
			files = (
			);
			runOnlyForDeploymentPostprocessing = 0;
		};
		1AA9D3B025AA132E00F86F2C /* Frameworks */ = {
			isa = PBXFrameworksBuildPhase;
			buildActionMask = 2147483647;
			files = (
			);
			runOnlyForDeploymentPostprocessing = 0;
		};
/* End PBXFrameworksBuildPhase section */

/* Begin PBXGroup section */
		1A31FC5025AF5EED0003D5AD /* util */ = {
			isa = PBXGroup;
			children = (
				1A31FC5125AF5EFE0003D5AD /* JSONBrowserFileHandler.swift */,
			);
			path = util;
			sourceTree = "<group>";
		};
		1A31FC6225AF6B1D0003D5AD /* system */ = {
			isa = PBXGroup;
			children = (
				1A8B02CF25AF4B6B005E5D6A /* SystemBrowserContainerView.swift */,
				1A67F62025AB400E00706E98 /* SystemBrowserFileService.swift */,
			);
			path = system;
			sourceTree = "<group>";
		};
		1A39B8FD25AB3429001C7D23 /* browser */ = {
			isa = PBXGroup;
			children = (
				1A3A001425B0D16C0069225E /* common */,
				1A3A000E25B0B5310069225E /* group */,
				1A31FC6225AF6B1D0003D5AD /* system */,
			);
			path = browser;
			sourceTree = "<group>";
		};
		1A3A000E25B0B5310069225E /* group */ = {
			isa = PBXGroup;
			children = (
				1A3A000F25B0B5530069225E /* GroupBrowserContainerView.swift */,
			);
			path = group;
			sourceTree = "<group>";
		};
		1A3A001425B0D16C0069225E /* common */ = {
			isa = PBXGroup;
			children = (
				1A8B02DA25AF4FD0005E5D6A /* model */,
				1AA9D3D725AB2D8300F86F2C /* FileCategoryCircleView.swift */,
				1AA9D3D225AB284E00F86F2C /* BrowserItemView.swift */,
				1AA9D3CD25AA8B8600F86F2C /* BrowserView.swift */,
				1A3A001525B0D1CF0069225E /* QueryBarView.swift */,
			);
			path = common;
			sourceTree = "<group>";
		};
		1A8B02DA25AF4FD0005E5D6A /* model */ = {
			isa = PBXGroup;
			children = (
				1A67F61B25AB3CDA00706E98 /* BrowserFile.swift */,
			);
			path = model;
			sourceTree = "<group>";
		};
		1AA9D38D25AA132D00F86F2C = {
			isa = PBXGroup;
			children = (
				1AA9D39825AA132D00F86F2C /* MediaOrganiser */,
				1AA9D3AB25AA132E00F86F2C /* MediaOrganiserTests */,
				1AA9D3B625AA132E00F86F2C /* MediaOrganiserUITests */,
				1AA9D39725AA132D00F86F2C /* Products */,
			);
			sourceTree = "<group>";
		};
		1AA9D39725AA132D00F86F2C /* Products */ = {
			isa = PBXGroup;
			children = (
				1AA9D39625AA132D00F86F2C /* MediaOrganiser.app */,
				1AA9D3A825AA132E00F86F2C /* MediaOrganiserTests.xctest */,
				1AA9D3B325AA132E00F86F2C /* MediaOrganiserUITests.xctest */,
			);
			name = Products;
			sourceTree = "<group>";
		};
		1AA9D39825AA132D00F86F2C /* MediaOrganiser */ = {
			isa = PBXGroup;
			children = (
				1AA9D3F325AB30EA00F86F2C /* src */,
				1AA9D39D25AA132E00F86F2C /* Assets.xcassets */,
				1AA9D3A225AA132E00F86F2C /* Info.plist */,
				1AA9D3A325AA132E00F86F2C /* MediaOrganiser.entitlements */,
				1AA9D39F25AA132E00F86F2C /* Preview Content */,
			);
			path = MediaOrganiser;
			sourceTree = "<group>";
		};
		1AA9D39F25AA132E00F86F2C /* Preview Content */ = {
			isa = PBXGroup;
			children = (
				1AA9D3A025AA132E00F86F2C /* Preview Assets.xcassets */,
			);
			path = "Preview Content";
			sourceTree = "<group>";
		};
		1AA9D3AB25AA132E00F86F2C /* MediaOrganiserTests */ = {
			isa = PBXGroup;
			children = (
				1AA9D3AC25AA132E00F86F2C /* MediaOrganiserTests.swift */,
				1AA9D3AE25AA132E00F86F2C /* Info.plist */,
			);
			path = MediaOrganiserTests;
			sourceTree = "<group>";
		};
		1AA9D3B625AA132E00F86F2C /* MediaOrganiserUITests */ = {
			isa = PBXGroup;
			children = (
				1AA9D3B725AA132E00F86F2C /* MediaOrganiserUITests.swift */,
				1AA9D3B925AA132E00F86F2C /* Info.plist */,
			);
			path = MediaOrganiserUITests;
			sourceTree = "<group>";
		};
		1AA9D3F225AB30C900F86F2C /* enum */ = {
			isa = PBXGroup;
			children = (
				1AA9D3DC25AB2DBE00F86F2C /* EFileType.swift */,
				1AA9D3E125AB2E1A00F86F2C /* EFileCategory.swift */,
			);
			path = enum;
			sourceTree = "<group>";
		};
		1AA9D3F325AB30EA00F86F2C /* src */ = {
			isa = PBXGroup;
			children = (
				1A31FC5025AF5EED0003D5AD /* util */,
				1AA9D3F225AB30C900F86F2C /* enum */,
				1A39B8FD25AB3429001C7D23 /* browser */,
				1A2B809C25AE2890000073E4 /* SaveData.swift */,
				1AA9D39925AA132D00F86F2C /* MediaOrganiserApp.swift */,
				1A8B02CA25AF4AA4005E5D6A /* MainView.swift */,
			);
			path = src;
			sourceTree = "<group>";
		};
/* End PBXGroup section */

/* Begin PBXNativeTarget section */
		1AA9D39525AA132D00F86F2C /* MediaOrganiser */ = {
			isa = PBXNativeTarget;
			buildConfigurationList = 1AA9D3BC25AA132E00F86F2C /* Build configuration list for PBXNativeTarget "MediaOrganiser" */;
			buildPhases = (
				1AA9D39225AA132D00F86F2C /* Sources */,
				1AA9D39325AA132D00F86F2C /* Frameworks */,
				1AA9D39425AA132D00F86F2C /* Resources */,
			);
			buildRules = (
			);
			dependencies = (
			);
			name = MediaOrganiser;
			productName = MediaOrganiser;
			productReference = 1AA9D39625AA132D00F86F2C /* MediaOrganiser.app */;
			productType = "com.apple.product-type.application";
		};
		1AA9D3A725AA132E00F86F2C /* MediaOrganiserTests */ = {
			isa = PBXNativeTarget;
			buildConfigurationList = 1AA9D3BF25AA132E00F86F2C /* Build configuration list for PBXNativeTarget "MediaOrganiserTests" */;
			buildPhases = (
				1AA9D3A425AA132E00F86F2C /* Sources */,
				1AA9D3A525AA132E00F86F2C /* Frameworks */,
				1AA9D3A625AA132E00F86F2C /* Resources */,
			);
			buildRules = (
			);
			dependencies = (
				1AA9D3AA25AA132E00F86F2C /* PBXTargetDependency */,
			);
			name = MediaOrganiserTests;
			productName = MediaOrganiserTests;
			productReference = 1AA9D3A825AA132E00F86F2C /* MediaOrganiserTests.xctest */;
			productType = "com.apple.product-type.bundle.unit-test";
		};
		1AA9D3B225AA132E00F86F2C /* MediaOrganiserUITests */ = {
			isa = PBXNativeTarget;
			buildConfigurationList = 1AA9D3C225AA132E00F86F2C /* Build configuration list for PBXNativeTarget "MediaOrganiserUITests" */;
			buildPhases = (
				1AA9D3AF25AA132E00F86F2C /* Sources */,
				1AA9D3B025AA132E00F86F2C /* Frameworks */,
				1AA9D3B125AA132E00F86F2C /* Resources */,
			);
			buildRules = (
			);
			dependencies = (
				1AA9D3B525AA132E00F86F2C /* PBXTargetDependency */,
			);
			name = MediaOrganiserUITests;
			productName = MediaOrganiserUITests;
			productReference = 1AA9D3B325AA132E00F86F2C /* MediaOrganiserUITests.xctest */;
			productType = "com.apple.product-type.bundle.ui-testing";
		};
/* End PBXNativeTarget section */

/* Begin PBXProject section */
		1AA9D38E25AA132D00F86F2C /* Project object */ = {
			isa = PBXProject;
			attributes = {
				LastSwiftUpdateCheck = 1230;
				LastUpgradeCheck = 1230;
				TargetAttributes = {
					1AA9D39525AA132D00F86F2C = {
						CreatedOnToolsVersion = 12.3;
					};
					1AA9D3A725AA132E00F86F2C = {
						CreatedOnToolsVersion = 12.3;
						TestTargetID = 1AA9D39525AA132D00F86F2C;
					};
					1AA9D3B225AA132E00F86F2C = {
						CreatedOnToolsVersion = 12.3;
						TestTargetID = 1AA9D39525AA132D00F86F2C;
					};
				};
			};
			buildConfigurationList = 1AA9D39125AA132D00F86F2C /* Build configuration list for PBXProject "MediaOrganiser" */;
			compatibilityVersion = "Xcode 9.3";
			developmentRegion = en;
			hasScannedForEncodings = 0;
			knownRegions = (
				en,
				Base,
			);
			mainGroup = 1AA9D38D25AA132D00F86F2C;
			productRefGroup = 1AA9D39725AA132D00F86F2C /* Products */;
			projectDirPath = "";
			projectRoot = "";
			targets = (
				1AA9D39525AA132D00F86F2C /* MediaOrganiser */,
				1AA9D3A725AA132E00F86F2C /* MediaOrganiserTests */,
				1AA9D3B225AA132E00F86F2C /* MediaOrganiserUITests */,
			);
		};
/* End PBXProject section */

/* Begin PBXResourcesBuildPhase section */
		1AA9D39425AA132D00F86F2C /* Resources */ = {
			isa = PBXResourcesBuildPhase;
			buildActionMask = 2147483647;
			files = (
				1AA9D3A125AA132E00F86F2C /* Preview Assets.xcassets in Resources */,
				1AA9D39E25AA132E00F86F2C /* Assets.xcassets in Resources */,
			);
			runOnlyForDeploymentPostprocessing = 0;
		};
		1AA9D3A625AA132E00F86F2C /* Resources */ = {
			isa = PBXResourcesBuildPhase;
			buildActionMask = 2147483647;
			files = (
			);
			runOnlyForDeploymentPostprocessing = 0;
		};
		1AA9D3B125AA132E00F86F2C /* Resources */ = {
			isa = PBXResourcesBuildPhase;
			buildActionMask = 2147483647;
			files = (
			);
			runOnlyForDeploymentPostprocessing = 0;
		};
/* End PBXResourcesBuildPhase section */

/* Begin PBXSourcesBuildPhase section */
		1AA9D39225AA132D00F86F2C /* Sources */ = {
			isa = PBXSourcesBuildPhase;
			buildActionMask = 2147483647;
			files = (
				1AA9D3D325AB284E00F86F2C /* BrowserItemView.swift in Sources */,
				1A8B02D025AF4B6B005E5D6A /* SystemBrowserContainerView.swift in Sources */,
				1A8B02CB25AF4AA4005E5D6A /* MainView.swift in Sources */,
				1AA9D3D825AB2D8300F86F2C /* FileCategoryCircleView.swift in Sources */,
				1AA9D3DD25AB2DBE00F86F2C /* EFileType.swift in Sources */,
				1AA9D3CE25AA8B8600F86F2C /* BrowserView.swift in Sources */,
				1A67F62125AB400E00706E98 /* SystemBrowserFileService.swift in Sources */,
				1A2B809D25AE2890000073E4 /* SaveData.swift in Sources */,
				1A3A001025B0B5530069225E /* GroupBrowserContainerView.swift in Sources */,
				1A67F61C25AB3CDA00706E98 /* BrowserFile.swift in Sources */,
				1AA9D3E225AB2E1A00F86F2C /* EFileCategory.swift in Sources */,
				1A3A001625B0D1CF0069225E /* QueryBarView.swift in Sources */,
				1A31FC5225AF5EFE0003D5AD /* JSONBrowserFileHandler.swift in Sources */,
				1AA9D39A25AA132D00F86F2C /* MediaOrganiserApp.swift in Sources */,
			);
			runOnlyForDeploymentPostprocessing = 0;
		};
		1AA9D3A425AA132E00F86F2C /* Sources */ = {
			isa = PBXSourcesBuildPhase;
			buildActionMask = 2147483647;
			files = (
				1AA9D3AD25AA132E00F86F2C /* MediaOrganiserTests.swift in Sources */,
			);
			runOnlyForDeploymentPostprocessing = 0;
		};
		1AA9D3AF25AA132E00F86F2C /* Sources */ = {
			isa = PBXSourcesBuildPhase;
			buildActionMask = 2147483647;
			files = (
				1AA9D3B825AA132E00F86F2C /* MediaOrganiserUITests.swift in Sources */,
			);
			runOnlyForDeploymentPostprocessing = 0;
		};
/* End PBXSourcesBuildPhase section */

/* Begin PBXTargetDependency section */
		1AA9D3AA25AA132E00F86F2C /* PBXTargetDependency */ = {
			isa = PBXTargetDependency;
			target = 1AA9D39525AA132D00F86F2C /* MediaOrganiser */;
			targetProxy = 1AA9D3A925AA132E00F86F2C /* PBXContainerItemProxy */;
		};
		1AA9D3B525AA132E00F86F2C /* PBXTargetDependency */ = {
			isa = PBXTargetDependency;
			target = 1AA9D39525AA132D00F86F2C /* MediaOrganiser */;
			targetProxy = 1AA9D3B425AA132E00F86F2C /* PBXContainerItemProxy */;
		};
/* End PBXTargetDependency section */

/* Begin XCBuildConfiguration section */
		1AA9D3BA25AA132E00F86F2C /* Debug */ = {
			isa = XCBuildConfiguration;
			buildSettings = {
				ALWAYS_SEARCH_USER_PATHS = NO;
				CLANG_ANALYZER_NONNULL = YES;
				CLANG_ANALYZER_NUMBER_OBJECT_CONVERSION = YES_AGGRESSIVE;
				CLANG_CXX_LANGUAGE_STANDARD = "gnu++14";
				CLANG_CXX_LIBRARY = "libc++";
				CLANG_ENABLE_MODULES = YES;
				CLANG_ENABLE_OBJC_ARC = YES;
				CLANG_ENABLE_OBJC_WEAK = YES;
				CLANG_WARN_BLOCK_CAPTURE_AUTORELEASING = YES;
				CLANG_WARN_BOOL_CONVERSION = YES;
				CLANG_WARN_COMMA = YES;
				CLANG_WARN_CONSTANT_CONVERSION = YES;
				CLANG_WARN_DEPRECATED_OBJC_IMPLEMENTATIONS = YES;
				CLANG_WARN_DIRECT_OBJC_ISA_USAGE = YES_ERROR;
				CLANG_WARN_DOCUMENTATION_COMMENTS = YES;
				CLANG_WARN_EMPTY_BODY = YES;
				CLANG_WARN_ENUM_CONVERSION = YES;
				CLANG_WARN_INFINITE_RECURSION = YES;
				CLANG_WARN_INT_CONVERSION = YES;
				CLANG_WARN_NON_LITERAL_NULL_CONVERSION = YES;
				CLANG_WARN_OBJC_IMPLICIT_RETAIN_SELF = YES;
				CLANG_WARN_OBJC_LITERAL_CONVERSION = YES;
				CLANG_WARN_OBJC_ROOT_CLASS = YES_ERROR;
				CLANG_WARN_QUOTED_INCLUDE_IN_FRAMEWORK_HEADER = YES;
				CLANG_WARN_RANGE_LOOP_ANALYSIS = YES;
				CLANG_WARN_STRICT_PROTOTYPES = YES;
				CLANG_WARN_SUSPICIOUS_MOVE = YES;
				CLANG_WARN_UNGUARDED_AVAILABILITY = YES_AGGRESSIVE;
				CLANG_WARN_UNREACHABLE_CODE = YES;
				CLANG_WARN__DUPLICATE_METHOD_MATCH = YES;
				COPY_PHASE_STRIP = NO;
				DEBUG_INFORMATION_FORMAT = dwarf;
				ENABLE_STRICT_OBJC_MSGSEND = YES;
				ENABLE_TESTABILITY = YES;
				GCC_C_LANGUAGE_STANDARD = gnu11;
				GCC_DYNAMIC_NO_PIC = NO;
				GCC_NO_COMMON_BLOCKS = YES;
				GCC_OPTIMIZATION_LEVEL = 0;
				GCC_PREPROCESSOR_DEFINITIONS = (
					"DEBUG=1",
					"$(inherited)",
				);
				GCC_WARN_64_TO_32_BIT_CONVERSION = YES;
				GCC_WARN_ABOUT_RETURN_TYPE = YES_ERROR;
				GCC_WARN_UNDECLARED_SELECTOR = YES;
				GCC_WARN_UNINITIALIZED_AUTOS = YES_AGGRESSIVE;
				GCC_WARN_UNUSED_FUNCTION = YES;
				GCC_WARN_UNUSED_VARIABLE = YES;
				MACOSX_DEPLOYMENT_TARGET = 11.1;
				MTL_ENABLE_DEBUG_INFO = INCLUDE_SOURCE;
				MTL_FAST_MATH = YES;
				ONLY_ACTIVE_ARCH = YES;
				SDKROOT = macosx;
				SWIFT_ACTIVE_COMPILATION_CONDITIONS = DEBUG;
				SWIFT_OPTIMIZATION_LEVEL = "-Onone";
			};
			name = Debug;
		};
		1AA9D3BB25AA132E00F86F2C /* Release */ = {
			isa = XCBuildConfiguration;
			buildSettings = {
				ALWAYS_SEARCH_USER_PATHS = NO;
				CLANG_ANALYZER_NONNULL = YES;
				CLANG_ANALYZER_NUMBER_OBJECT_CONVERSION = YES_AGGRESSIVE;
				CLANG_CXX_LANGUAGE_STANDARD = "gnu++14";
				CLANG_CXX_LIBRARY = "libc++";
				CLANG_ENABLE_MODULES = YES;
				CLANG_ENABLE_OBJC_ARC = YES;
				CLANG_ENABLE_OBJC_WEAK = YES;
				CLANG_WARN_BLOCK_CAPTURE_AUTORELEASING = YES;
				CLANG_WARN_BOOL_CONVERSION = YES;
				CLANG_WARN_COMMA = YES;
				CLANG_WARN_CONSTANT_CONVERSION = YES;
				CLANG_WARN_DEPRECATED_OBJC_IMPLEMENTATIONS = YES;
				CLANG_WARN_DIRECT_OBJC_ISA_USAGE = YES_ERROR;
				CLANG_WARN_DOCUMENTATION_COMMENTS = YES;
				CLANG_WARN_EMPTY_BODY = YES;
				CLANG_WARN_ENUM_CONVERSION = YES;
				CLANG_WARN_INFINITE_RECURSION = YES;
				CLANG_WARN_INT_CONVERSION = YES;
				CLANG_WARN_NON_LITERAL_NULL_CONVERSION = YES;
				CLANG_WARN_OBJC_IMPLICIT_RETAIN_SELF = YES;
				CLANG_WARN_OBJC_LITERAL_CONVERSION = YES;
				CLANG_WARN_OBJC_ROOT_CLASS = YES_ERROR;
				CLANG_WARN_QUOTED_INCLUDE_IN_FRAMEWORK_HEADER = YES;
				CLANG_WARN_RANGE_LOOP_ANALYSIS = YES;
				CLANG_WARN_STRICT_PROTOTYPES = YES;
				CLANG_WARN_SUSPICIOUS_MOVE = YES;
				CLANG_WARN_UNGUARDED_AVAILABILITY = YES_AGGRESSIVE;
				CLANG_WARN_UNREACHABLE_CODE = YES;
				CLANG_WARN__DUPLICATE_METHOD_MATCH = YES;
				COPY_PHASE_STRIP = NO;
				DEBUG_INFORMATION_FORMAT = "dwarf-with-dsym";
				ENABLE_NS_ASSERTIONS = NO;
				ENABLE_STRICT_OBJC_MSGSEND = YES;
				GCC_C_LANGUAGE_STANDARD = gnu11;
				GCC_NO_COMMON_BLOCKS = YES;
				GCC_WARN_64_TO_32_BIT_CONVERSION = YES;
				GCC_WARN_ABOUT_RETURN_TYPE = YES_ERROR;
				GCC_WARN_UNDECLARED_SELECTOR = YES;
				GCC_WARN_UNINITIALIZED_AUTOS = YES_AGGRESSIVE;
				GCC_WARN_UNUSED_FUNCTION = YES;
				GCC_WARN_UNUSED_VARIABLE = YES;
				MACOSX_DEPLOYMENT_TARGET = 11.1;
				MTL_ENABLE_DEBUG_INFO = NO;
				MTL_FAST_MATH = YES;
				SDKROOT = macosx;
				SWIFT_COMPILATION_MODE = wholemodule;
				SWIFT_OPTIMIZATION_LEVEL = "-O";
			};
			name = Release;
		};
		1AA9D3BD25AA132E00F86F2C /* Debug */ = {
			isa = XCBuildConfiguration;
			buildSettings = {
				ASSETCATALOG_COMPILER_APPICON_NAME = AppIcon;
				ASSETCATALOG_COMPILER_GLOBAL_ACCENT_COLOR_NAME = AccentColor;
				CODE_SIGN_ENTITLEMENTS = MediaOrganiser/MediaOrganiser.entitlements;
				CODE_SIGN_STYLE = Automatic;
				COMBINE_HIDPI_IMAGES = YES;
				DEVELOPMENT_ASSET_PATHS = "\"MediaOrganiser/Preview Content\"";
				DEVELOPMENT_TEAM = Y25855H2YJ;
				ENABLE_HARDENED_RUNTIME = YES;
				ENABLE_PREVIEWS = YES;
				INFOPLIST_FILE = MediaOrganiser/Info.plist;
				LD_RUNPATH_SEARCH_PATHS = (
					"$(inherited)",
					"@executable_path/../Frameworks",
				);
				MACOSX_DEPLOYMENT_TARGET = 11.0;
				PRODUCT_BUNDLE_IDENTIFIER = com.cloudflight.MediaOrganiser;
				PRODUCT_NAME = "$(TARGET_NAME)";
				SWIFT_VERSION = 5.0;
			};
			name = Debug;
		};
		1AA9D3BE25AA132E00F86F2C /* Release */ = {
			isa = XCBuildConfiguration;
			buildSettings = {
				ASSETCATALOG_COMPILER_APPICON_NAME = AppIcon;
				ASSETCATALOG_COMPILER_GLOBAL_ACCENT_COLOR_NAME = AccentColor;
				CODE_SIGN_ENTITLEMENTS = MediaOrganiser/MediaOrganiser.entitlements;
				CODE_SIGN_STYLE = Automatic;
				COMBINE_HIDPI_IMAGES = YES;
				DEVELOPMENT_ASSET_PATHS = "\"MediaOrganiser/Preview Content\"";
				DEVELOPMENT_TEAM = Y25855H2YJ;
				ENABLE_HARDENED_RUNTIME = YES;
				ENABLE_PREVIEWS = YES;
				INFOPLIST_FILE = MediaOrganiser/Info.plist;
				LD_RUNPATH_SEARCH_PATHS = (
					"$(inherited)",
					"@executable_path/../Frameworks",
				);
				MACOSX_DEPLOYMENT_TARGET = 11.0;
				PRODUCT_BUNDLE_IDENTIFIER = com.cloudflight.MediaOrganiser;
				PRODUCT_NAME = "$(TARGET_NAME)";
				SWIFT_VERSION = 5.0;
			};
			name = Release;
		};
		1AA9D3C025AA132E00F86F2C /* Debug */ = {
			isa = XCBuildConfiguration;
			buildSettings = {
				ALWAYS_EMBED_SWIFT_STANDARD_LIBRARIES = YES;
				BUNDLE_LOADER = "$(TEST_HOST)";
				CODE_SIGN_STYLE = Automatic;
				COMBINE_HIDPI_IMAGES = YES;
				DEVELOPMENT_TEAM = Y25855H2YJ;
				INFOPLIST_FILE = MediaOrganiserTests/Info.plist;
				LD_RUNPATH_SEARCH_PATHS = (
					"$(inherited)",
					"@executable_path/../Frameworks",
					"@loader_path/../Frameworks",
				);
				MACOSX_DEPLOYMENT_TARGET = 11.0;
				PRODUCT_BUNDLE_IDENTIFIER = com.cloudflight.MediaOrganiserTests;
				PRODUCT_NAME = "$(TARGET_NAME)";
				SWIFT_VERSION = 5.0;
				TEST_HOST = "$(BUILT_PRODUCTS_DIR)/MediaOrganiser.app/Contents/MacOS/MediaOrganiser";
			};
			name = Debug;
		};
		1AA9D3C125AA132E00F86F2C /* Release */ = {
			isa = XCBuildConfiguration;
			buildSettings = {
				ALWAYS_EMBED_SWIFT_STANDARD_LIBRARIES = YES;
				BUNDLE_LOADER = "$(TEST_HOST)";
				CODE_SIGN_STYLE = Automatic;
				COMBINE_HIDPI_IMAGES = YES;
				DEVELOPMENT_TEAM = Y25855H2YJ;
				INFOPLIST_FILE = MediaOrganiserTests/Info.plist;
				LD_RUNPATH_SEARCH_PATHS = (
					"$(inherited)",
					"@executable_path/../Frameworks",
					"@loader_path/../Frameworks",
				);
				MACOSX_DEPLOYMENT_TARGET = 11.0;
				PRODUCT_BUNDLE_IDENTIFIER = com.cloudflight.MediaOrganiserTests;
				PRODUCT_NAME = "$(TARGET_NAME)";
				SWIFT_VERSION = 5.0;
				TEST_HOST = "$(BUILT_PRODUCTS_DIR)/MediaOrganiser.app/Contents/MacOS/MediaOrganiser";
			};
			name = Release;
		};
		1AA9D3C325AA132E00F86F2C /* Debug */ = {
			isa = XCBuildConfiguration;
			buildSettings = {
				ALWAYS_EMBED_SWIFT_STANDARD_LIBRARIES = YES;
				CODE_SIGN_STYLE = Automatic;
				COMBINE_HIDPI_IMAGES = YES;
				DEVELOPMENT_TEAM = Y25855H2YJ;
				INFOPLIST_FILE = MediaOrganiserUITests/Info.plist;
				LD_RUNPATH_SEARCH_PATHS = (
					"$(inherited)",
					"@executable_path/../Frameworks",
					"@loader_path/../Frameworks",
				);
				PRODUCT_BUNDLE_IDENTIFIER = com.cloudflight.MediaOrganiserUITests;
				PRODUCT_NAME = "$(TARGET_NAME)";
				SWIFT_VERSION = 5.0;
				TEST_TARGET_NAME = MediaOrganiser;
			};
			name = Debug;
		};
		1AA9D3C425AA132E00F86F2C /* Release */ = {
			isa = XCBuildConfiguration;
			buildSettings = {
				ALWAYS_EMBED_SWIFT_STANDARD_LIBRARIES = YES;
				CODE_SIGN_STYLE = Automatic;
				COMBINE_HIDPI_IMAGES = YES;
				DEVELOPMENT_TEAM = Y25855H2YJ;
				INFOPLIST_FILE = MediaOrganiserUITests/Info.plist;
				LD_RUNPATH_SEARCH_PATHS = (
					"$(inherited)",
					"@executable_path/../Frameworks",
					"@loader_path/../Frameworks",
				);
				PRODUCT_BUNDLE_IDENTIFIER = com.cloudflight.MediaOrganiserUITests;
				PRODUCT_NAME = "$(TARGET_NAME)";
				SWIFT_VERSION = 5.0;
				TEST_TARGET_NAME = MediaOrganiser;
			};
			name = Release;
		};
/* End XCBuildConfiguration section */

/* Begin XCConfigurationList section */
		1AA9D39125AA132D00F86F2C /* Build configuration list for PBXProject "MediaOrganiser" */ = {
			isa = XCConfigurationList;
			buildConfigurations = (
				1AA9D3BA25AA132E00F86F2C /* Debug */,
				1AA9D3BB25AA132E00F86F2C /* Release */,
			);
			defaultConfigurationIsVisible = 0;
			defaultConfigurationName = Release;
		};
		1AA9D3BC25AA132E00F86F2C /* Build configuration list for PBXNativeTarget "MediaOrganiser" */ = {
			isa = XCConfigurationList;
			buildConfigurations = (
				1AA9D3BD25AA132E00F86F2C /* Debug */,
				1AA9D3BE25AA132E00F86F2C /* Release */,
			);
			defaultConfigurationIsVisible = 0;
			defaultConfigurationName = Release;
		};
		1AA9D3BF25AA132E00F86F2C /* Build configuration list for PBXNativeTarget "MediaOrganiserTests" */ = {
			isa = XCConfigurationList;
			buildConfigurations = (
				1AA9D3C025AA132E00F86F2C /* Debug */,
				1AA9D3C125AA132E00F86F2C /* Release */,
			);
			defaultConfigurationIsVisible = 0;
			defaultConfigurationName = Release;
		};
		1AA9D3C225AA132E00F86F2C /* Build configuration list for PBXNativeTarget "MediaOrganiserUITests" */ = {
			isa = XCConfigurationList;
			buildConfigurations = (
				1AA9D3C325AA132E00F86F2C /* Debug */,
				1AA9D3C425AA132E00F86F2C /* Release */,
			);
			defaultConfigurationIsVisible = 0;
			defaultConfigurationName = Release;
		};
/* End XCConfigurationList section */
	};
	rootObject = 1AA9D38E25AA132D00F86F2C /* Project object */;
}
